
Microsoft Visual Studio Solution File, Format Version 12.00
# Visual Studio Version 16
VisualStudioVersion = 16.0.31005.135
MinimumVisualStudioVersion = 10.0.40219.1
Project("{FAE04EC0-301F-11D3-BF4B-00C04F79EFBC}") = "Chapter3.ApplicationLifecycle", "Chapter3.ApplicationLifecycle\Chapter3.ApplicationLifecycle.csproj", "{4CF9F426-C5D5-4B2C-905E-2BFDC0D91274}"
EndProject
Project("{2150E333-8FDC-42A3-9474-1A3956D46DE8}") = "Solution Items", "Solution Items", "{80FB020C-0741-42EE-9B8B-68CFD02DDB72}"
	ProjectSection(SolutionItems) = preProject
		FourthPresentation.pptx = FourthPresentation.pptx
		PresentationSequence.txt = PresentationSequence.txt
		README.md = README.md
	EndProjectSection
EndProject
Project("{FAE04EC0-301F-11D3-BF4B-00C04F79EFBC}") = "Chapter3.RequestLifecycle", "Chapter3.RequestLifecycle\Chapter3.RequestLifecycle.csproj", "{69DCF893-DC28-4FEE-A67B-D7A9DE479EF4}"
EndProject
Project("{FAE04EC0-301F-11D3-BF4B-00C04F79EFBC}") = "Chapter4.TimerModule", "Chapter4.TimerModule\Chapter4.TimerModule.csproj", "{A7D6F373-C6FA-48C7-A59F-565CCEBD8461}"
EndProject
Project("{FAE04EC0-301F-11D3-BF4B-00C04F79EFBC}") = "Chapter4.ModulesClassLibrary", "Chapter4.ModulesClassLibrary\Chapter4.ModulesClassLibrary.csproj", "{E94813B9-3CF6-4FB8-85FC-21881A48B545}"
EndProject
Project("{FAE04EC0-301F-11D3-BF4B-00C04F79EFBC}") = "Chapter4.CommonModules", "Chapter4.CommonModules\Chapter4.CommonModules.csproj", "{B8699A70-BD14-4D18-A363-DDC15463B2F0}"
EndProject
Project("{FAE04EC0-301F-11D3-BF4B-00C04F79EFBC}") = "Chapter4.BuiltInModules", "Chapter4.BuiltInModules\Chapter4.BuiltInModules.csproj", "{C0F8BFA8-9940-4450-824D-607463719234}"
EndProject
Project("{FAE04EC0-301F-11D3-BF4B-00C04F79EFBC}") = "Chapter4.ModuleEvents", "Chapter4.ModuleEvents\Chapter4.ModuleEvents.csproj", "{57687402-4F78-4F78-A253-A6EDFD1CB57B}"
EndProject
Project("{FAE04EC0-301F-11D3-BF4B-00C04F79EFBC}") = "Chapter5.Handlers", "Chapter5.Handlers\Chapter5.Handlers.csproj", "{1D9D944B-E06C-40E1-AC83-77D97DBA9201}"
EndProject
Project("{FAE04EC0-301F-11D3-BF4B-00C04F79EFBC}") = "Chapter5.HandlersAndModules", "Chapter5.HandlersAndModules\Chapter5.HandlersAndModules.csproj", "{38A8C215-B580-4800-A211-8322247CD6E2}"
EndProject
Project("{FAE04EC0-301F-11D3-BF4B-00C04F79EFBC}") = "Demo3.Modules", "Demo3.Modules\Demo3.Modules.csproj", "{D56407B7-9008-46DD-A7B1-40036B00B4E5}"
EndProject
Project("{FAE04EC0-301F-11D3-BF4B-00C04F79EFBC}") = "Demo2.AppAndRequestLifecycles", "Demo2.AppAndRequestLifecycles\Demo2.AppAndRequestLifecycles.csproj", "{C5F18A3C-CC67-4BBA-853E-040E0E721746}"
EndProject
Project("{FAE04EC0-301F-11D3-BF4B-00C04F79EFBC}") = "Demo1.Handlers", "Demo1.Handlers\Demo1.Handlers.csproj", "{D3172C46-2942-4870-B5C5-CD1967BD5B73}"
EndProject
Project("{FAE04EC0-301F-11D3-BF4B-00C04F79EFBC}") = "CommonModulesClassLibrary", "CommonModulesClassLibrary\CommonModulesClassLibrary.csproj", "{8FECE5C1-F32B-4014-8223-B886F49B56B2}"
EndProject
Global
	GlobalSection(SolutionConfigurationPlatforms) = preSolution
		Debug|Any CPU = Debug|Any CPU
		Release|Any CPU = Release|Any CPU
	EndGlobalSection
	GlobalSection(ProjectConfigurationPlatforms) = postSolution
		{4CF9F426-C5D5-4B2C-905E-2BFDC0D91274}.Debug|Any CPU.ActiveCfg = Debug|Any CPU
		{4CF9F426-C5D5-4B2C-905E-2BFDC0D91274}.Debug|Any CPU.Build.0 = Debug|Any CPU
		{4CF9F426-C5D5-4B2C-905E-2BFDC0D91274}.Release|Any CPU.ActiveCfg = Release|Any CPU
		{4CF9F426-C5D5-4B2C-905E-2BFDC0D91274}.Release|Any CPU.Build.0 = Release|Any CPU
		{69DCF893-DC28-4FEE-A67B-D7A9DE479EF4}.Debug|Any CPU.ActiveCfg = Debug|Any CPU
		{69DCF893-DC28-4FEE-A67B-D7A9DE479EF4}.Debug|Any CPU.Build.0 = Debug|Any CPU
		{69DCF893-DC28-4FEE-A67B-D7A9DE479EF4}.Release|Any CPU.ActiveCfg = Release|Any CPU
		{69DCF893-DC28-4FEE-A67B-D7A9DE479EF4}.Release|Any CPU.Build.0 = Release|Any CPU
		{A7D6F373-C6FA-48C7-A59F-565CCEBD8461}.Debug|Any CPU.ActiveCfg = Debug|Any CPU
		{A7D6F373-C6FA-48C7-A59F-565CCEBD8461}.Debug|Any CPU.Build.0 = Debug|Any CPU
		{A7D6F373-C6FA-48C7-A59F-565CCEBD8461}.Release|Any CPU.ActiveCfg = Release|Any CPU
		{A7D6F373-C6FA-48C7-A59F-565CCEBD8461}.Release|Any CPU.Build.0 = Release|Any CPU
		{E94813B9-3CF6-4FB8-85FC-21881A48B545}.Debug|Any CPU.ActiveCfg = Debug|Any CPU
		{E94813B9-3CF6-4FB8-85FC-21881A48B545}.Debug|Any CPU.Build.0 = Debug|Any CPU
		{E94813B9-3CF6-4FB8-85FC-21881A48B545}.Release|Any CPU.ActiveCfg = Release|Any CPU
		{E94813B9-3CF6-4FB8-85FC-21881A48B545}.Release|Any CPU.Build.0 = Release|Any CPU
		{B8699A70-BD14-4D18-A363-DDC15463B2F0}.Debug|Any CPU.ActiveCfg = Debug|Any CPU
		{B8699A70-BD14-4D18-A363-DDC15463B2F0}.Debug|Any CPU.Build.0 = Debug|Any CPU
		{B8699A70-BD14-4D18-A363-DDC15463B2F0}.Release|Any CPU.ActiveCfg = Release|Any CPU
		{B8699A70-BD14-4D18-A363-DDC15463B2F0}.Release|Any CPU.Build.0 = Release|Any CPU
		{C0F8BFA8-9940-4450-824D-607463719234}.Debug|Any CPU.ActiveCfg = Debug|Any CPU
		{C0F8BFA8-9940-4450-824D-607463719234}.Debug|Any CPU.Build.0 = Debug|Any CPU
		{C0F8BFA8-9940-4450-824D-607463719234}.Release|Any CPU.ActiveCfg = Release|Any CPU
		{C0F8BFA8-9940-4450-824D-607463719234}.Release|Any CPU.Build.0 = Release|Any CPU
		{57687402-4F78-4F78-A253-A6EDFD1CB57B}.Debug|Any CPU.ActiveCfg = Debug|Any CPU
		{57687402-4F78-4F78-A253-A6EDFD1CB57B}.Debug|Any CPU.Build.0 = Debug|Any CPU
		{57687402-4F78-4F78-A253-A6EDFD1CB57B}.Release|Any CPU.ActiveCfg = Release|Any CPU
		{57687402-4F78-4F78-A253-A6EDFD1CB57B}.Release|Any CPU.Build.0 = Release|Any CPU
		{1D9D944B-E06C-40E1-AC83-77D97DBA9201}.Debug|Any CPU.ActiveCfg = Debug|Any CPU
		{1D9D944B-E06C-40E1-AC83-77D97DBA9201}.Debug|Any CPU.Build.0 = Debug|Any CPU
		{1D9D944B-E06C-40E1-AC83-77D97DBA9201}.Release|Any CPU.ActiveCfg = Release|Any CPU
		{1D9D944B-E06C-40E1-AC83-77D97DBA9201}.Release|Any CPU.Build.0 = Release|Any CPU
		{38A8C215-B580-4800-A211-8322247CD6E2}.Debug|Any CPU.ActiveCfg = Debug|Any CPU
		{38A8C215-B580-4800-A211-8322247CD6E2}.Debug|Any CPU.Build.0 = Debug|Any CPU
		{38A8C215-B580-4800-A211-8322247CD6E2}.Release|Any CPU.ActiveCfg = Release|Any CPU
		{38A8C215-B580-4800-A211-8322247CD6E2}.Release|Any CPU.Build.0 = Release|Any CPU
		{D56407B7-9008-46DD-A7B1-40036B00B4E5}.Debug|Any CPU.ActiveCfg = Debug|Any CPU
		{D56407B7-9008-46DD-A7B1-40036B00B4E5}.Debug|Any CPU.Build.0 = Debug|Any CPU
		{D56407B7-9008-46DD-A7B1-40036B00B4E5}.Release|Any CPU.ActiveCfg = Release|Any CPU
		{D56407B7-9008-46DD-A7B1-40036B00B4E5}.Release|Any CPU.Build.0 = Release|Any CPU
		{C5F18A3C-CC67-4BBA-853E-040E0E721746}.Debug|Any CPU.ActiveCfg = Debug|Any CPU
		{C5F18A3C-CC67-4BBA-853E-040E0E721746}.Debug|Any CPU.Build.0 = Debug|Any CPU
		{C5F18A3C-CC67-4BBA-853E-040E0E721746}.Release|Any CPU.ActiveCfg = Release|Any CPU
		{C5F18A3C-CC67-4BBA-853E-040E0E721746}.Release|Any CPU.Build.0 = Release|Any CPU
		{D3172C46-2942-4870-B5C5-CD1967BD5B73}.Debug|Any CPU.ActiveCfg = Debug|Any CPU
		{D3172C46-2942-4870-B5C5-CD1967BD5B73}.Debug|Any CPU.Build.0 = Debug|Any CPU
		{D3172C46-2942-4870-B5C5-CD1967BD5B73}.Release|Any CPU.ActiveCfg = Release|Any CPU
		{D3172C46-2942-4870-B5C5-CD1967BD5B73}.Release|Any CPU.Build.0 = Release|Any CPU
		{8FECE5C1-F32B-4014-8223-B886F49B56B2}.Debug|Any CPU.ActiveCfg = Debug|Any CPU
		{8FECE5C1-F32B-4014-8223-B886F49B56B2}.Debug|Any CPU.Build.0 = Debug|Any CPU
		{8FECE5C1-F32B-4014-8223-B886F49B56B2}.Release|Any CPU.ActiveCfg = Release|Any CPU
		{8FECE5C1-F32B-4014-8223-B886F49B56B2}.Release|Any CPU.Build.0 = Release|Any CPU
	EndGlobalSection
	GlobalSection(SolutionProperties) = preSolution
		HideSolutionNode = FALSE
	EndGlobalSection
	GlobalSection(ExtensibilityGlobals) = postSolution
		SolutionGuid = {CE4A9446-1717-435D-9DBC-4FD2D452801D}
	EndGlobalSection
EndGlobal
